{
  "originHash" : "fbdec518f66720abc9cceef1ea36ee3229c4faa09fdcfd36f45e77839c989f98",
  "pins" : [
    {
      "identity" : "purchases-ios",
      "kind" : "remoteSourceControl",
      "location" : "https://github.com/RevenueCat/purchases-ios",
      "state" : {
        "revision" : "709554156bb93c909b362e0b30ec0f2afee3df6e",
        "version" : "5.33.1"
      }
    }
  ],
  "version" : 3
}
